
Microsoft Visual Studio Solution File, Format Version 12.00
# Visual Studio Version 17
VisualStudioVersion = 17.14.36414.22
MinimumVisualStudioVersion = 10.0.40219.1
Project("{FAE04EC0-301F-11D3-BF4B-00C04F79EFBC}") = "SupportFlow.Domain", "SupportFlow.Domain\SupportFlow.Domain.csproj", "{C163FED0-B928-4A2D-8CEA-F078A6E4A73C}"
EndProject
Project("{FAE04EC0-301F-11D3-BF4B-00C04F79EFBC}") = "SupportFlow.Application", "SupportFlow.Application\SupportFlow.Application.csproj", "{F7E292C5-D121-428A-88D7-BBD7C73CBD6B}"
EndProject
Project("{FAE04EC0-301F-11D3-BF4B-00C04F79EFBC}") = "SupportFlow.Infrastructure", "SupportFlow.Infrastructure\SupportFlow.Infrastructure.csproj", "{AED16EE0-5DC2-4E6A-8D6B-C4387AD598C6}"
EndProject
Project("{FAE04EC0-301F-11D3-BF4B-00C04F79EFBC}") = "SupportFlow.API", "SupportFlow.API\SupportFlow.API.csproj", "{D9727E51-0C4B-4663-93E7-E47646BCE102}"
	ProjectSection(ProjectDependencies) = postProject
		{F7E292C5-D121-428A-88D7-BBD7C73CBD6B} = {F7E292C5-D121-428A-88D7-BBD7C73CBD6B}
	EndProjectSection
EndProject
Project("{FAE04EC0-301F-11D3-BF4B-00C04F79EFBC}") = "SupportFlow.FrontEnd", "SupportFlow.FrontEnd\SupportFlow.FrontEnd.csproj", "{E94E1C06-0E10-45E8-A2B0-DDC187E170C9}"
EndProject
Global
	GlobalSection(SolutionConfigurationPlatforms) = preSolution
		Debug|Any CPU = Debug|Any CPU
		Release|Any CPU = Release|Any CPU
	EndGlobalSection
	GlobalSection(ProjectConfigurationPlatforms) = postSolution
		{C163FED0-B928-4A2D-8CEA-F078A6E4A73C}.Debug|Any CPU.ActiveCfg = Debug|Any CPU
		{C163FED0-B928-4A2D-8CEA-F078A6E4A73C}.Debug|Any CPU.Build.0 = Debug|Any CPU
		{C163FED0-B928-4A2D-8CEA-F078A6E4A73C}.Release|Any CPU.ActiveCfg = Release|Any CPU
		{C163FED0-B928-4A2D-8CEA-F078A6E4A73C}.Release|Any CPU.Build.0 = Release|Any CPU
		{F7E292C5-D121-428A-88D7-BBD7C73CBD6B}.Debug|Any CPU.ActiveCfg = Debug|Any CPU
		{F7E292C5-D121-428A-88D7-BBD7C73CBD6B}.Debug|Any CPU.Build.0 = Debug|Any CPU
		{F7E292C5-D121-428A-88D7-BBD7C73CBD6B}.Release|Any CPU.ActiveCfg = Release|Any CPU
		{F7E292C5-D121-428A-88D7-BBD7C73CBD6B}.Release|Any CPU.Build.0 = Release|Any CPU
		{AED16EE0-5DC2-4E6A-8D6B-C4387AD598C6}.Debug|Any CPU.ActiveCfg = Debug|Any CPU
		{AED16EE0-5DC2-4E6A-8D6B-C4387AD598C6}.Debug|Any CPU.Build.0 = Debug|Any CPU
		{AED16EE0-5DC2-4E6A-8D6B-C4387AD598C6}.Release|Any CPU.ActiveCfg = Release|Any CPU
		{AED16EE0-5DC2-4E6A-8D6B-C4387AD598C6}.Release|Any CPU.Build.0 = Release|Any CPU
		{D9727E51-0C4B-4663-93E7-E47646BCE102}.Debug|Any CPU.ActiveCfg = Debug|Any CPU
		{D9727E51-0C4B-4663-93E7-E47646BCE102}.Debug|Any CPU.Build.0 = Debug|Any CPU
		{D9727E51-0C4B-4663-93E7-E47646BCE102}.Release|Any CPU.ActiveCfg = Release|Any CPU
		{D9727E51-0C4B-4663-93E7-E47646BCE102}.Release|Any CPU.Build.0 = Release|Any CPU
		{E94E1C06-0E10-45E8-A2B0-DDC187E170C9}.Debug|Any CPU.ActiveCfg = Debug|Any CPU
		{E94E1C06-0E10-45E8-A2B0-DDC187E170C9}.Debug|Any CPU.Build.0 = Debug|Any CPU
		{E94E1C06-0E10-45E8-A2B0-DDC187E170C9}.Release|Any CPU.ActiveCfg = Release|Any CPU
		{E94E1C06-0E10-45E8-A2B0-DDC187E170C9}.Release|Any CPU.Build.0 = Release|Any CPU
	EndGlobalSection
	GlobalSection(SolutionProperties) = preSolution
		HideSolutionNode = FALSE
	EndGlobalSection
	GlobalSection(ExtensibilityGlobals) = postSolution
		SolutionGuid = {2CFB6BEF-05EB-4587-B70C-018083135F4E}
	EndGlobalSection
EndGlobal
